
Microsoft Visual Studio Solution File, Format Version 12.00
# Visual Studio 15
VisualStudioVersion = 15.0.28307.1022
MinimumVisualStudioVersion = 10.0.40219.1
Project("{FAE04EC0-301F-11D3-BF4B-00C04F79EFBC}") = "RestWithAspNet", "RestWithAspNet\RestWithAspNet.csproj", "{C7EE932A-0112-434D-8E8A-1C6EC0DDD2D0}"
EndProject
Global
	GlobalSection(SolutionConfigurationPlatforms) = preSolution
		Debug|Any CPU = Debug|Any CPU
		Release|Any CPU = Release|Any CPU
	EndGlobalSection
	GlobalSection(ProjectConfigurationPlatforms) = postSolution
		{C7EE932A-0112-434D-8E8A-1C6EC0DDD2D0}.Debug|Any CPU.ActiveCfg = Debug|Any CPU
		{C7EE932A-0112-434D-8E8A-1C6EC0DDD2D0}.Debug|Any CPU.Build.0 = Debug|Any CPU
		{C7EE932A-0112-434D-8E8A-1C6EC0DDD2D0}.Release|Any CPU.ActiveCfg = Release|Any CPU
		{C7EE932A-0112-434D-8E8A-1C6EC0DDD2D0}.Release|Any CPU.Build.0 = Release|Any CPU
	EndGlobalSection
	GlobalSection(SolutionProperties) = preSolution
		HideSolutionNode = FALSE
	EndGlobalSection
	GlobalSection(ExtensibilityGlobals) = postSolution
		SolutionGuid = {E13B547B-8DA5-4BEC-8846-A81F0224DAB8}
	EndGlobalSection
EndGlobal
